
Microsoft Visual Studio Solution File, Format Version 12.00
# Visual Studio 15
VisualStudioVersion = 15.0.28307.757
MinimumVisualStudioVersion = 10.0.40219.1
Project("{FAE04EC0-301F-11D3-BF4B-00C04F79EFBC}") = "coursework02", "coursework02\coursework02.csproj", "{EFBCCAA6-7C09-44C8-9E56-180BB749EFEA}"
EndProject
Global
	GlobalSection(SolutionConfigurationPlatforms) = preSolution
		Debug|Any CPU = Debug|Any CPU
		Release|Any CPU = Release|Any CPU
	EndGlobalSection
	GlobalSection(ProjectConfigurationPlatforms) = postSolution
		{EFBCCAA6-7C09-44C8-9E56-180BB749EFEA}.Debug|Any CPU.ActiveCfg = Debug|Any CPU
		{EFBCCAA6-7C09-44C8-9E56-180BB749EFEA}.Debug|Any CPU.Build.0 = Debug|Any CPU
		{EFBCCAA6-7C09-44C8-9E56-180BB749EFEA}.Release|Any CPU.ActiveCfg = Release|Any CPU
		{EFBCCAA6-7C09-44C8-9E56-180BB749EFEA}.Release|Any CPU.Build.0 = Release|Any CPU
	EndGlobalSection
	GlobalSection(SolutionProperties) = preSolution
		HideSolutionNode = FALSE
	EndGlobalSection
	GlobalSection(ExtensibilityGlobals) = postSolution
		SolutionGuid = {4EB73ADC-EB1E-43D4-940B-D718150289B4}
	EndGlobalSection
EndGlobal
